<?xml version="1.0" encoding="utf-8"?>
<Project ToolsVersion="4.0" xmlns="http://schemas.microsoft.com/developer/msbuild/2003">
  <ItemGroup>
    <Filter Include="include">
      <UniqueIdentifier>{473f3559-4e3d-441c-bee4-20a470c457bb}</UniqueIdentifier>
    </Filter>
    <Filter Include="src">
      <UniqueIdentifier>{67f41de5-788f-4397-94cb-b6da6b2c6af9}</UniqueIdentifier>
    </Filter>
    <Filter Include="include\sys">
      <UniqueIdentifier>{73787d80-ed09-48c5-91d1-e7d5a7fb5605}</UniqueIdentifier>
    </Filter>
    <Filter Include="include\asm">
      <UniqueIdentifier>{ec064122-ce21-42c8-8af8-38050ec85e04}</UniqueIdentifier>
    </Filter>
    <Filter Include="include\asm-generic">
      <UniqueIdentifier>{4d650eb3-c0b7-4089-a9c7-0d8830651a32}</UniqueIdentifier>
    </Filter>
    <Filter Include="include\linux">
      <UniqueIdentifier>{d8514407-8a18-4fde-9f93-fb75fd101a82}</UniqueIdentifier>
    </Filter>
    <Filter Include="src\string">
      <UniqueIdentifier>{e53fea65-a6bb-449a-8b0b-ebcfc3a92366}</UniqueIdentifier>
    </Filter>
    <Filter Include="src\syscalls">
      <UniqueIdentifier>{ad0aac57-af1b-4d1e-9778-17dc1f1d3324}</UniqueIdentifier>
    </Filter>
    <Filter Include="src\bionic">
      <UniqueIdentifier>{cd1bd6ec-a795-469e-aa95-c2f06b068f81}</UniqueIdentifier>
    </Filter>
    <Filter Include="src\syscalls-unimp">
      <UniqueIdentifier>{19193f68-ac63-47dd-92ce-db912550f065}</UniqueIdentifier>
    </Filter>
    <Filter Include="src\syscalls-notused">
      <UniqueIdentifier>{f72a0715-c1f6-4a14-9d7e-85dd5c13daf6}</UniqueIdentifier>
    </Filter>
    <Filter Include="include\machine">
      <UniqueIdentifier>{f166d12b-acf8-4142-b581-c8d10b002d41}</UniqueIdentifier>
    </Filter>
  </ItemGroup>
  <ItemGroup>
    <ClCompile Include="..\src\ntdll.c">
      <Filter>src</Filter>
    </ClCompile>
    <ClCompile Include="..\src\test.c">
      <Filter>src</Filter>
    </ClCompile>
    <ClCompile Include="..\src\dlfcn.c">
      <Filter>src</Filter>
    </ClCompile>
    <ClCompile Include="..\src\string\bcopy_wrapper.c">
      <Filter>src\string</Filter>
    </ClCompile>
    <ClCompile Include="..\src\string\bzero_wrapper.c">
      <Filter>src\string</Filter>
    </ClCompile>
    <ClCompile Include="..\src\string\memcmp_wrapper.c">
      <Filter>src\string</Filter>
    </ClCompile>
    <ClCompile Include="..\src\string\memcpy_wrapper.c">
      <Filter>src\string</Filter>
    </ClCompile>
    <ClCompile Include="..\src\string\memmove_wrapper.c">
      <Filter>src\string</Filter>
    </ClCompile>
    <ClCompile Include="..\src\string\memset_wrapper.c">
      <Filter>src\string</Filter>
    </ClCompile>
    <ClCompile Include="..\src\syscalls\__fork.c">
      <Filter>src\syscalls</Filter>
    </ClCompile>
    <ClCompile Include="..\src\syscalls\_exit.c">
      <Filter>src\syscalls</Filter>
    </ClCompile>
    <ClCompile Include="..\src\syscalls\_exit_thread.c">
      <Filter>src\syscalls</Filter>
    </ClCompile>
    <ClCompile Include="..\src\bionic\clone.c">
      <Filter>src\bionic</Filter>
    </ClCompile>
    <ClCompile Include="..\src\bionic\syscall.c">
      <Filter>src\bionic</Filter>
    </ClCompile>
    <ClCompile Include="..\src\bionic\vfork.c">
      <Filter>src\bionic</Filter>
    </ClCompile>
    <ClCompile Include="..\src\bionic\_exit_with_stack_teardown.c">
      <Filter>src\bionic</Filter>
    </ClCompile>
    <ClCompile Include="..\src\bionic\futex_x86.c">
      <Filter>src\bionic</Filter>
    </ClCompile>
    <ClCompile Include="..\src\bionic\__errno.c">
      <Filter>src\bionic</Filter>
    </ClCompile>
    <ClCompile Include="..\src\bionic\__set_errno.c">
      <Filter>src\bionic</Filter>
    </ClCompile>
    <ClCompile Include="..\src\kernel32.c">
      <Filter>src</Filter>
    </ClCompile>
    <ClCompile Include="..\src\syscalls\wait4.c">
      <Filter>src\syscalls</Filter>
    </ClCompile>
    <ClCompile Include="..\src\syscalls\execve.c">
      <Filter>src\syscalls</Filter>
    </ClCompile>
    <ClCompile Include="..\src\syscalls\gettid.c">
      <Filter>src\syscalls</Filter>
    </ClCompile>
    <ClCompile Include="..\src\syscalls\__brk.c">
      <Filter>src\syscalls-unimp</Filter>
    </ClCompile>
    <ClCompile Include="..\src\syscalls\__setuid.c">
      <Filter>src\syscalls-unimp</Filter>
    </ClCompile>
    <ClCompile Include="..\src\syscalls\__sys_clone.c">
      <Filter>src\syscalls-notused</Filter>
    </ClCompile>
    <ClCompile Include="..\src\syscalls\__waitid.c">
      <Filter>src\syscalls-unimp</Filter>
    </ClCompile>
    <ClCompile Include="..\src\syscalls\_waitpid.c">
      <Filter>src\syscalls-notused</Filter>
    </ClCompile>
    <ClCompile Include="..\src\syscalls\getegid.c">
      <Filter>src\syscalls-unimp</Filter>
    </ClCompile>
    <ClCompile Include="..\src\syscalls\geteuid.c">
      <Filter>src\syscalls-unimp</Filter>
    </ClCompile>
    <ClCompile Include="..\src\syscalls\getgid.c">
      <Filter>src\syscalls-unimp</Filter>
    </ClCompile>
    <ClCompile Include="..\src\syscalls\getresgid.c">
      <Filter>src\syscalls-unimp</Filter>
    </ClCompile>
    <ClCompile Include="..\src\syscalls\getresuid.c">
      <Filter>src\syscalls-unimp</Filter>
    </ClCompile>
    <ClCompile Include="..\src\syscalls\getuid.c">
      <Filter>src\syscalls-unimp</Filter>
    </ClCompile>
    <ClCompile Include="..\src\syscalls\getpgid.c">
      <Filter>src\syscalls-unimp</Filter>
    </ClCompile>
    <ClCompile Include="..\src\syscalls\getppid.c">
      <Filter>src\syscalls</Filter>
    </ClCompile>
    <ClCompile Include="..\src\syscalls\getsid.c">
      <Filter>src\syscalls-unimp</Filter>
    </ClCompile>
    <ClCompile Include="..\src\syscalls\getgroups.c">
      <Filter>src\syscalls-unimp</Filter>
    </ClCompile>
    <ClCompile Include="..\src\syscalls\readahead.c">
      <Filter>src\syscalls-unimp</Filter>
    </ClCompile>
    <ClCompile Include="..\src\syscalls\setsid.c">
      <Filter>src\syscalls-unimp</Filter>
    </ClCompile>
    <ClCompile Include="..\src\syscalls\setgid.c">
      <Filter>src\syscalls-unimp</Filter>
    </ClCompile>
    <ClCompile Include="..\src\syscalls\__setreuid.c">
      <Filter>src\syscalls-unimp</Filter>
    </ClCompile>
    <ClCompile Include="..\src\syscalls\__setresuid.c">
      <Filter>src\syscalls-unimp</Filter>
    </ClCompile>
    <ClCompile Include="..\src\syscalls\setresgid.c">
      <Filter>src\syscalls-unimp</Filter>
    </ClCompile>
    <ClCompile Include="..\src\syscalls\tkill.c">
      <Filter>src\syscalls-notused</Filter>
    </ClCompile>
    <ClCompile Include="..\src\syscalls\tgkill.c">
      <Filter>src\syscalls-unimp</Filter>
    </ClCompile>
    <ClCompile Include="..\src\syscalls\kill.c">
      <Filter>src\syscalls-unimp</Filter>
    </ClCompile>
    <ClCompile Include="..\src\syscalls\__ptrace.c">
      <Filter>src\syscalls-unimp</Filter>
    </ClCompile>
    <ClCompile Include="..\src\syscalls\__set_thread_area.c">
      <Filter>src\syscalls</Filter>
    </ClCompile>
    <ClCompile Include="..\src\bionic\__get_tls.c">
      <Filter>src\bionic</Filter>
    </ClCompile>
    <ClCompile Include="..\src\bionic\__set_tls.c">
      <Filter>src\bionic</Filter>
    </ClCompile>
    <ClCompile Include="..\src\pthread.c">
      <Filter>src</Filter>
    </ClCompile>
  </ItemGroup>
  <ItemGroup>
    <ClInclude Include="..\include\ntdll.h">
      <Filter>include</Filter>
    </ClInclude>
    <ClInclude Include="..\include\dlfcn.h">
      <Filter>include</Filter>
    </ClInclude>
    <ClInclude Include="..\include\sys\cdefs.h">
      <Filter>include\sys</Filter>
    </ClInclude>
    <ClInclude Include="..\include\sys\cdefs_elf.h">
      <Filter>include\sys</Filter>
    </ClInclude>
    <ClInclude Include="..\include\ntstatus.h">
      <Filter>include</Filter>
    </ClInclude>
    <ClInclude Include="..\include\poppack.h">
      <Filter>include</Filter>
    </ClInclude>
    <ClInclude Include="..\include\pshpack1.h">
      <Filter>include</Filter>
    </ClInclude>
    <ClInclude Include="..\include\pshpack2.h">
      <Filter>include</Filter>
    </ClInclude>
    <ClInclude Include="..\include\pshpack4.h">
      <Filter>include</Filter>
    </ClInclude>
    <ClInclude Include="..\include\pshpack8.h">
      <Filter>include</Filter>
    </ClInclude>
    <ClInclude Include="..\include\asm\errno.h">
      <Filter>include\asm</Filter>
    </ClInclude>
    <ClInclude Include="..\include\asm-generic\errno.h">
      <Filter>include\asm-generic</Filter>
    </ClInclude>
    <ClInclude Include="..\include\asm-generic\errno-base.h">
      <Filter>include\asm-generic</Filter>
    </ClInclude>
    <ClInclude Include="..\include\linux\compiler.h">
      <Filter>include\linux</Filter>
    </ClInclude>
    <ClInclude Include="..\include\linux\err.h">
      <Filter>include\linux</Filter>
    </ClInclude>
    <ClInclude Include="..\include\test.h">
      <Filter>include</Filter>
    </ClInclude>
    <ClInclude Include="..\include\errno.h">
      <Filter>include</Filter>
    </ClInclude>
    <ClInclude Include="..\include\linux\errno.h">
      <Filter>include\linux</Filter>
    </ClInclude>
    <ClInclude Include="..\include\nttypes.h">
      <Filter>include</Filter>
    </ClInclude>
    <ClInclude Include="..\include\kernel32.h">
      <Filter>include</Filter>
    </ClInclude>
    <ClInclude Include="..\include\asm\ptrace.h">
      <Filter>include\asm</Filter>
    </ClInclude>
    <ClInclude Include="..\include\asm\ptrace-abi.h">
      <Filter>include\asm</Filter>
    </ClInclude>
    <ClInclude Include="..\include\linux\ptrace.h">
      <Filter>include\linux</Filter>
    </ClInclude>
    <ClInclude Include="..\include\asm\posix_types.h">
      <Filter>include\asm</Filter>
    </ClInclude>
    <ClInclude Include="..\include\asm\posix_types_32.h">
      <Filter>include\asm</Filter>
    </ClInclude>
    <ClInclude Include="..\include\asm\types.h">
      <Filter>include\asm</Filter>
    </ClInclude>
    <ClInclude Include="..\include\linux\posix_types.h">
      <Filter>include\linux</Filter>
    </ClInclude>
    <ClInclude Include="..\include\linux\types.h">
      <Filter>include\linux</Filter>
    </ClInclude>
    <ClInclude Include="..\include\sys\types.h">
      <Filter>include\sys</Filter>
    </ClInclude>
    <ClInclude Include="..\include\machine\kernel.h">
      <Filter>include\machine</Filter>
    </ClInclude>
    <ClInclude Include="..\include\linux\stddef.h">
      <Filter>include\linux</Filter>
    </ClInclude>
    <ClInclude Include="..\include\stdint.h">
      <Filter>include</Filter>
    </ClInclude>
    <ClInclude Include="..\include\sys\_types.h">
      <Filter>include\sys</Filter>
    </ClInclude>
    <ClInclude Include="..\include\machine\_types.h">
      <Filter>include\machine</Filter>
    </ClInclude>
    <ClInclude Include="..\include\sys\sysmacros.h">
      <Filter>include\sys</Filter>
    </ClInclude>
    <ClInclude Include="..\include\stddef.h">
      <Filter>include</Filter>
    </ClInclude>
    <ClInclude Include="..\include\asm\ldt.h">
      <Filter>include\asm</Filter>
    </ClInclude>
    <ClInclude Include="..\include\asm\unistd.h">
      <Filter>include\asm</Filter>
    </ClInclude>
    <ClInclude Include="..\include\asm\unistd_32.h">
      <Filter>include\asm</Filter>
    </ClInclude>
    <ClInclude Include="..\include\linux\unistd.h">
      <Filter>include\linux</Filter>
    </ClInclude>
    <ClInclude Include="..\include\sys\ptrace.h">
      <Filter>include\sys</Filter>
    </ClInclude>
    <ClInclude Include="..\include\limits.h">
      <Filter>include</Filter>
    </ClInclude>
    <ClInclude Include="..\include\pthread.h">
      <Filter>include</Filter>
    </ClInclude>
    <ClInclude Include="..\include\sched.h">
      <Filter>include</Filter>
    </ClInclude>
    <ClInclude Include="..\include\signal.h">
      <Filter>include</Filter>
    </ClInclude>
    <ClInclude Include="..\include\string.h">
      <Filter>include</Filter>
    </ClInclude>
    <ClInclude Include="..\include\time.h">
      <Filter>include</Filter>
    </ClInclude>
    <ClInclude Include="..\include\sys\limits.h">
      <Filter>include\sys</Filter>
    </ClInclude>
    <ClInclude Include="..\include\sys\syslimits.h">
      <Filter>include\sys</Filter>
    </ClInclude>
    <ClInclude Include="..\include\machine\internal_types.h">
      <Filter>include\machine</Filter>
    </ClInclude>
    <ClInclude Include="..\include\machine\limits.h">
      <Filter>include\machine</Filter>
    </ClInclude>
    <ClInclude Include="..\include\asm\page.h">
      <Filter>include\asm</Filter>
    </ClInclude>
    <ClInclude Include="..\include\asm\page_32.h">
      <Filter>include\asm</Filter>
    </ClInclude>
    <ClInclude Include="..\include\sys\time.h">
      <Filter>include\sys</Filter>
    </ClInclude>
    <ClInclude Include="..\include\asm\siginfo.h">
      <Filter>include\asm</Filter>
    </ClInclude>
    <ClInclude Include="..\include\asm-generic\siginfo.h">
      <Filter>include\asm-generic</Filter>
    </ClInclude>
    <ClInclude Include="..\include\asm\signal.h">
      <Filter>include\asm</Filter>
    </ClInclude>
    <ClInclude Include="..\include\asm-generic\signal.h">
      <Filter>include\asm-generic</Filter>
    </ClInclude>
    <ClInclude Include="..\include\malloc.h">
      <Filter>include</Filter>
    </ClInclude>
    <ClInclude Include="..\include\linux\limits.h">
      <Filter>include\linux</Filter>
    </ClInclude>
    <ClInclude Include="..\include\linux\time.h">
      <Filter>include\linux</Filter>
    </ClInclude>
  </ItemGroup>
  <ItemGroup>
    <MASM Include="..\src\syscalls\__readgsqword.asm">
      <Filter>src\syscalls</Filter>
    </MASM>
  </ItemGroup>
</Project>